
Microsoft Visual Studio Solution File, Format Version 12.00
# Visual Studio Version 16
VisualStudioVersion = 16.0.30717.126
MinimumVisualStudioVersion = 10.0.40219.1
Project("{FAE04EC0-301F-11D3-BF4B-00C04F79EFBC}") = "houseplants", "houseplants\houseplants.csproj", "{A0C229D3-6418-41B4-9865-E75116F832A5}"
EndProject
Global
	GlobalSection(SolutionProperties) = preSolution
		HideSolutionNode = FALSE
	EndGlobalSection
	GlobalSection(ExtensibilityGlobals) = postSolution
		SolutionGuid = {11A23A0A-206A-4827-BBE8-CE44979FDDCE}
	EndGlobalSection
	GlobalSection(SolutionConfigurationPlatforms) = preSolution
		Debug|Any CPU = Debug|Any CPU
		Debug|x64 = Debug|x64
		Debug|x86 = Debug|x86
		Release|Any CPU = Release|Any CPU
		Release|x64 = Release|x64
		Release|x86 = Release|x86
	EndGlobalSection
	GlobalSection(ProjectConfigurationPlatforms) = postSolution
		{A0C229D3-6418-41B4-9865-E75116F832A5}.Debug|Any CPU.ActiveCfg = Debug|Any CPU
		{A0C229D3-6418-41B4-9865-E75116F832A5}.Debug|Any CPU.Build.0 = Debug|Any CPU
		{A0C229D3-6418-41B4-9865-E75116F832A5}.Debug|x64.ActiveCfg = Debug|Any CPU
		{A0C229D3-6418-41B4-9865-E75116F832A5}.Debug|x64.Build.0 = Debug|Any CPU
		{A0C229D3-6418-41B4-9865-E75116F832A5}.Debug|x86.ActiveCfg = Debug|Any CPU
		{A0C229D3-6418-41B4-9865-E75116F832A5}.Debug|x86.Build.0 = Debug|Any CPU
		{A0C229D3-6418-41B4-9865-E75116F832A5}.Release|Any CPU.ActiveCfg = Release|Any CPU
		{A0C229D3-6418-41B4-9865-E75116F832A5}.Release|Any CPU.Build.0 = Release|Any CPU
		{A0C229D3-6418-41B4-9865-E75116F832A5}.Release|x64.ActiveCfg = Release|Any CPU
		{A0C229D3-6418-41B4-9865-E75116F832A5}.Release|x64.Build.0 = Release|Any CPU
		{A0C229D3-6418-41B4-9865-E75116F832A5}.Release|x86.ActiveCfg = Release|Any CPU
		{A0C229D3-6418-41B4-9865-E75116F832A5}.Release|x86.Build.0 = Release|Any CPU
	EndGlobalSection
EndGlobal
